
Microsoft Visual Studio Solution File, Format Version 12.00
# Visual Studio Version 17
VisualStudioVersion = 17.0.31903.59
MinimumVisualStudioVersion = 10.0.40219.1
Project("{2150E333-8FDC-42A3-9474-1A3956D46DE8}") = "src", "src", "{827E0CD3-B72D-47B6-A68D-7590B98EB39B}"
EndProject
Project("{FAE04EC0-301F-11D3-BF4B-00C04F79EFBC}") = "PhotoSelector.Core", "src\PhotoSelector.Core\PhotoSelector.Core.csproj", "{EADF52A2-BC9D-4BA2-A7CE-274AE4F2BA95}"
EndProject
Project("{FAE04EC0-301F-11D3-BF4B-00C04F79EFBC}") = "PhotoSelector.Ai", "src\PhotoSelector.Ai\PhotoSelector.Ai.csproj", "{7B2F0333-0606-4F37-B602-DB2F53ACCD7E}"
EndProject
Project("{FAE04EC0-301F-11D3-BF4B-00C04F79EFBC}") = "PhotoSelector.Cli", "src\PhotoSelector.Cli\PhotoSelector.Cli.csproj", "{6E5EFA4F-2753-45C5-8A54-E2D3213D7D5A}"
EndProject
Project("{2150E333-8FDC-42A3-9474-1A3956D46DE8}") = "tests", "tests", "{0AB3BF05-4346-4AA6-1389-037BE0695223}"
EndProject
Project("{FAE04EC0-301F-11D3-BF4B-00C04F79EFBC}") = "PhotoSelector.Tests", "tests\PhotoSelector.Tests\PhotoSelector.Tests.csproj", "{E7CC035F-BAA3-43FD-862C-89BC86DC230E}"
EndProject
Project("{FAE04EC0-301F-11D3-BF4B-00C04F79EFBC}") = "PhotoSelector.Config", "src\PhotoSelector.Config\PhotoSelector.Config.csproj", "{B2647E0B-8688-448D-B281-D37F70A5B3DA}"
EndProject
Project("{FAE04EC0-301F-11D3-BF4B-00C04F79EFBC}") = "PhotoSelector.Agent", "src\PhotoSelector.Agent\PhotoSelector.Agent.csproj", "{77B50167-1EE0-4C27-9636-3478139BF5CB}"
EndProject
Global
	GlobalSection(SolutionConfigurationPlatforms) = preSolution
		Debug|Any CPU = Debug|Any CPU
		Debug|x64 = Debug|x64
		Debug|x86 = Debug|x86
		Release|Any CPU = Release|Any CPU
		Release|x64 = Release|x64
		Release|x86 = Release|x86
	EndGlobalSection
	GlobalSection(ProjectConfigurationPlatforms) = postSolution
		{EADF52A2-BC9D-4BA2-A7CE-274AE4F2BA95}.Debug|Any CPU.ActiveCfg = Debug|Any CPU
		{EADF52A2-BC9D-4BA2-A7CE-274AE4F2BA95}.Debug|Any CPU.Build.0 = Debug|Any CPU
		{EADF52A2-BC9D-4BA2-A7CE-274AE4F2BA95}.Debug|x64.ActiveCfg = Debug|Any CPU
		{EADF52A2-BC9D-4BA2-A7CE-274AE4F2BA95}.Debug|x64.Build.0 = Debug|Any CPU
		{EADF52A2-BC9D-4BA2-A7CE-274AE4F2BA95}.Debug|x86.ActiveCfg = Debug|Any CPU
		{EADF52A2-BC9D-4BA2-A7CE-274AE4F2BA95}.Debug|x86.Build.0 = Debug|Any CPU
		{EADF52A2-BC9D-4BA2-A7CE-274AE4F2BA95}.Release|Any CPU.ActiveCfg = Release|Any CPU
		{EADF52A2-BC9D-4BA2-A7CE-274AE4F2BA95}.Release|Any CPU.Build.0 = Release|Any CPU
		{EADF52A2-BC9D-4BA2-A7CE-274AE4F2BA95}.Release|x64.ActiveCfg = Release|Any CPU
		{EADF52A2-BC9D-4BA2-A7CE-274AE4F2BA95}.Release|x64.Build.0 = Release|Any CPU
		{EADF52A2-BC9D-4BA2-A7CE-274AE4F2BA95}.Release|x86.ActiveCfg = Release|Any CPU
		{EADF52A2-BC9D-4BA2-A7CE-274AE4F2BA95}.Release|x86.Build.0 = Release|Any CPU
		{7B2F0333-0606-4F37-B602-DB2F53ACCD7E}.Debug|Any CPU.ActiveCfg = Debug|Any CPU
		{7B2F0333-0606-4F37-B602-DB2F53ACCD7E}.Debug|Any CPU.Build.0 = Debug|Any CPU
		{7B2F0333-0606-4F37-B602-DB2F53ACCD7E}.Debug|x64.ActiveCfg = Debug|Any CPU
		{7B2F0333-0606-4F37-B602-DB2F53ACCD7E}.Debug|x64.Build.0 = Debug|Any CPU
		{7B2F0333-0606-4F37-B602-DB2F53ACCD7E}.Debug|x86.ActiveCfg = Debug|Any CPU
		{7B2F0333-0606-4F37-B602-DB2F53ACCD7E}.Debug|x86.Build.0 = Debug|Any CPU
		{7B2F0333-0606-4F37-B602-DB2F53ACCD7E}.Release|Any CPU.ActiveCfg = Release|Any CPU
		{7B2F0333-0606-4F37-B602-DB2F53ACCD7E}.Release|Any CPU.Build.0 = Release|Any CPU
		{7B2F0333-0606-4F37-B602-DB2F53ACCD7E}.Release|x64.ActiveCfg = Release|Any CPU
		{7B2F0333-0606-4F37-B602-DB2F53ACCD7E}.Release|x64.Build.0 = Release|Any CPU
		{7B2F0333-0606-4F37-B602-DB2F53ACCD7E}.Release|x86.ActiveCfg = Release|Any CPU
		{7B2F0333-0606-4F37-B602-DB2F53ACCD7E}.Release|x86.Build.0 = Release|Any CPU
		{6E5EFA4F-2753-45C5-8A54-E2D3213D7D5A}.Debug|Any CPU.ActiveCfg = Debug|Any CPU
		{6E5EFA4F-2753-45C5-8A54-E2D3213D7D5A}.Debug|Any CPU.Build.0 = Debug|Any CPU
		{6E5EFA4F-2753-45C5-8A54-E2D3213D7D5A}.Debug|x64.ActiveCfg = Debug|Any CPU
		{6E5EFA4F-2753-45C5-8A54-E2D3213D7D5A}.Debug|x64.Build.0 = Debug|Any CPU
		{6E5EFA4F-2753-45C5-8A54-E2D3213D7D5A}.Debug|x86.ActiveCfg = Debug|Any CPU
		{6E5EFA4F-2753-45C5-8A54-E2D3213D7D5A}.Debug|x86.Build.0 = Debug|Any CPU
		{6E5EFA4F-2753-45C5-8A54-E2D3213D7D5A}.Release|Any CPU.ActiveCfg = Release|Any CPU
		{6E5EFA4F-2753-45C5-8A54-E2D3213D7D5A}.Release|Any CPU.Build.0 = Release|Any CPU
		{6E5EFA4F-2753-45C5-8A54-E2D3213D7D5A}.Release|x64.ActiveCfg = Release|Any CPU
		{6E5EFA4F-2753-45C5-8A54-E2D3213D7D5A}.Release|x64.Build.0 = Release|Any CPU
		{6E5EFA4F-2753-45C5-8A54-E2D3213D7D5A}.Release|x86.ActiveCfg = Release|Any CPU
		{6E5EFA4F-2753-45C5-8A54-E2D3213D7D5A}.Release|x86.Build.0 = Release|Any CPU
		{E7CC035F-BAA3-43FD-862C-89BC86DC230E}.Debug|Any CPU.ActiveCfg = Debug|Any CPU
		{E7CC035F-BAA3-43FD-862C-89BC86DC230E}.Debug|Any CPU.Build.0 = Debug|Any CPU
		{E7CC035F-BAA3-43FD-862C-89BC86DC230E}.Debug|x64.ActiveCfg = Debug|Any CPU
		{E7CC035F-BAA3-43FD-862C-89BC86DC230E}.Debug|x64.Build.0 = Debug|Any CPU
		{E7CC035F-BAA3-43FD-862C-89BC86DC230E}.Debug|x86.ActiveCfg = Debug|Any CPU
		{E7CC035F-BAA3-43FD-862C-89BC86DC230E}.Debug|x86.Build.0 = Debug|Any CPU
		{E7CC035F-BAA3-43FD-862C-89BC86DC230E}.Release|Any CPU.ActiveCfg = Release|Any CPU
		{E7CC035F-BAA3-43FD-862C-89BC86DC230E}.Release|Any CPU.Build.0 = Release|Any CPU
		{E7CC035F-BAA3-43FD-862C-89BC86DC230E}.Release|x64.ActiveCfg = Release|Any CPU
		{E7CC035F-BAA3-43FD-862C-89BC86DC230E}.Release|x64.Build.0 = Release|Any CPU
		{E7CC035F-BAA3-43FD-862C-89BC86DC230E}.Release|x86.ActiveCfg = Release|Any CPU
		{E7CC035F-BAA3-43FD-862C-89BC86DC230E}.Release|x86.Build.0 = Release|Any CPU
		{B2647E0B-8688-448D-B281-D37F70A5B3DA}.Debug|Any CPU.ActiveCfg = Debug|Any CPU
		{B2647E0B-8688-448D-B281-D37F70A5B3DA}.Debug|Any CPU.Build.0 = Debug|Any CPU
		{B2647E0B-8688-448D-B281-D37F70A5B3DA}.Debug|x64.ActiveCfg = Debug|Any CPU
		{B2647E0B-8688-448D-B281-D37F70A5B3DA}.Debug|x64.Build.0 = Debug|Any CPU
		{B2647E0B-8688-448D-B281-D37F70A5B3DA}.Debug|x86.ActiveCfg = Debug|Any CPU
		{B2647E0B-8688-448D-B281-D37F70A5B3DA}.Debug|x86.Build.0 = Debug|Any CPU
		{B2647E0B-8688-448D-B281-D37F70A5B3DA}.Release|Any CPU.ActiveCfg = Release|Any CPU
		{B2647E0B-8688-448D-B281-D37F70A5B3DA}.Release|Any CPU.Build.0 = Release|Any CPU
		{B2647E0B-8688-448D-B281-D37F70A5B3DA}.Release|x64.ActiveCfg = Release|Any CPU
		{B2647E0B-8688-448D-B281-D37F70A5B3DA}.Release|x64.Build.0 = Release|Any CPU
		{B2647E0B-8688-448D-B281-D37F70A5B3DA}.Release|x86.ActiveCfg = Release|Any CPU
		{B2647E0B-8688-448D-B281-D37F70A5B3DA}.Release|x86.Build.0 = Release|Any CPU
		{77B50167-1EE0-4C27-9636-3478139BF5CB}.Debug|Any CPU.ActiveCfg = Debug|Any CPU
		{77B50167-1EE0-4C27-9636-3478139BF5CB}.Debug|Any CPU.Build.0 = Debug|Any CPU
		{77B50167-1EE0-4C27-9636-3478139BF5CB}.Debug|x64.ActiveCfg = Debug|Any CPU
		{77B50167-1EE0-4C27-9636-3478139BF5CB}.Debug|x64.Build.0 = Debug|Any CPU
		{77B50167-1EE0-4C27-9636-3478139BF5CB}.Debug|x86.ActiveCfg = Debug|Any CPU
		{77B50167-1EE0-4C27-9636-3478139BF5CB}.Debug|x86.Build.0 = Debug|Any CPU
		{77B50167-1EE0-4C27-9636-3478139BF5CB}.Release|Any CPU.ActiveCfg = Release|Any CPU
		{77B50167-1EE0-4C27-9636-3478139BF5CB}.Release|Any CPU.Build.0 = Release|Any CPU
		{77B50167-1EE0-4C27-9636-3478139BF5CB}.Release|x64.ActiveCfg = Release|Any CPU
		{77B50167-1EE0-4C27-9636-3478139BF5CB}.Release|x64.Build.0 = Release|Any CPU
		{77B50167-1EE0-4C27-9636-3478139BF5CB}.Release|x86.ActiveCfg = Release|Any CPU
		{77B50167-1EE0-4C27-9636-3478139BF5CB}.Release|x86.Build.0 = Release|Any CPU
	EndGlobalSection
	GlobalSection(SolutionProperties) = preSolution
		HideSolutionNode = FALSE
	EndGlobalSection
	GlobalSection(NestedProjects) = preSolution
		{EADF52A2-BC9D-4BA2-A7CE-274AE4F2BA95} = {827E0CD3-B72D-47B6-A68D-7590B98EB39B}
		{7B2F0333-0606-4F37-B602-DB2F53ACCD7E} = {827E0CD3-B72D-47B6-A68D-7590B98EB39B}
		{6E5EFA4F-2753-45C5-8A54-E2D3213D7D5A} = {827E0CD3-B72D-47B6-A68D-7590B98EB39B}
		{E7CC035F-BAA3-43FD-862C-89BC86DC230E} = {0AB3BF05-4346-4AA6-1389-037BE0695223}
		{B2647E0B-8688-448D-B281-D37F70A5B3DA} = {827E0CD3-B72D-47B6-A68D-7590B98EB39B}
		{77B50167-1EE0-4C27-9636-3478139BF5CB} = {827E0CD3-B72D-47B6-A68D-7590B98EB39B}
	EndGlobalSection
EndGlobal
